
Microsoft Visual Studio Solution File, Format Version 12.00
# Visual Studio Version 17
VisualStudioVersion = 17.9.34622.214
MinimumVisualStudioVersion = 10.0.40219.1
Project("{9A19103F-16F7-4668-BE54-9A1E7A4F7556}") = "QuizGame.Server", "QuizGame.Server\QuizGame.Server.csproj", "{D5111665-DB68-43F2-B756-DA50CF5113B2}"
EndProject
Project("{54A90642-561A-4BB1-A94E-469ADEE60C69}") = "quizgame.client", "quizgame.client\quizgame.client.esproj", "{F20D4DE8-8CFA-4353-95AC-4C14F1745C87}"
EndProject
Global
	GlobalSection(SolutionConfigurationPlatforms) = preSolution
		Debug|Any CPU = Debug|Any CPU
		Release|Any CPU = Release|Any CPU
	EndGlobalSection
	GlobalSection(ProjectConfigurationPlatforms) = postSolution
		{D5111665-DB68-43F2-B756-DA50CF5113B2}.Debug|Any CPU.ActiveCfg = Debug|Any CPU
		{D5111665-DB68-43F2-B756-DA50CF5113B2}.Debug|Any CPU.Build.0 = Debug|Any CPU
		{D5111665-DB68-43F2-B756-DA50CF5113B2}.Release|Any CPU.ActiveCfg = Release|Any CPU
		{D5111665-DB68-43F2-B756-DA50CF5113B2}.Release|Any CPU.Build.0 = Release|Any CPU
		{F20D4DE8-8CFA-4353-95AC-4C14F1745C87}.Debug|Any CPU.ActiveCfg = Debug|Any CPU
		{F20D4DE8-8CFA-4353-95AC-4C14F1745C87}.Debug|Any CPU.Build.0 = Debug|Any CPU
		{F20D4DE8-8CFA-4353-95AC-4C14F1745C87}.Debug|Any CPU.Deploy.0 = Debug|Any CPU
		{F20D4DE8-8CFA-4353-95AC-4C14F1745C87}.Release|Any CPU.ActiveCfg = Release|Any CPU
		{F20D4DE8-8CFA-4353-95AC-4C14F1745C87}.Release|Any CPU.Build.0 = Release|Any CPU
		{F20D4DE8-8CFA-4353-95AC-4C14F1745C87}.Release|Any CPU.Deploy.0 = Release|Any CPU
	EndGlobalSection
	GlobalSection(SolutionProperties) = preSolution
		HideSolutionNode = FALSE
	EndGlobalSection
	GlobalSection(ExtensibilityGlobals) = postSolution
		SolutionGuid = {58F29B23-EBA9-43AD-8B9D-AD151A4188CC}
	EndGlobalSection
EndGlobal
